
Microsoft Visual Studio Solution File, Format Version 12.00
# Visual Studio Version 16
VisualStudioVersion = 16.0.31613.86
MinimumVisualStudioVersion = 10.0.40219.1
Project("{8BC9CEB8-8B4A-11D0-8D11-00A0C91BC942}") = "CS202", "CS202\CS202.vcxproj", "{E99273A3-26A4-471E-B318-F3E0175DA618}"
EndProject
Project("{2150E333-8FDC-42A3-9474-1A3956D46DE8}") = "Homework", "Homework", "{728E1F48-A127-49C2-AB12-1DA8B045C10C}"
EndProject
Project("{2150E333-8FDC-42A3-9474-1A3956D46DE8}") = "HW0", "HW0", "{BF821DB8-D22F-4C76-A9B8-31F7C91BC45A}"
EndProject
Project("{8BC9CEB8-8B4A-11D0-8D11-00A0C91BC942}") = "temperature", "temperature\temperature.vcxproj", "{AE195618-FFBD-413E-A122-165C20C453CC}"
EndProject
Project("{8BC9CEB8-8B4A-11D0-8D11-00A0C91BC942}") = "beeMovieScriptPrinter", "beeMovieScriptPrinter\Bee Movie Script printer.vcxproj", "{D18297B2-0F79-4CBA-8795-5A05EF089041}"
EndProject
Project("{2150E333-8FDC-42A3-9474-1A3956D46DE8}") = "HW1", "HW1", "{3A4637E0-F3EA-48A4-ADC1-A7BB366EB864}"
EndProject
Project("{8BC9CEB8-8B4A-11D0-8D11-00A0C91BC942}") = "timeItI", "timeItI\timeItI.vcxproj", "{6BE45984-2EAD-48AB-9E1D-708BA4C05D3A}"
EndProject
Project("{2150E333-8FDC-42A3-9474-1A3956D46DE8}") = "Labs", "Labs", "{69D666C1-3CEB-4283-8D60-C253CBF58442}"
EndProject
Project("{2150E333-8FDC-42A3-9474-1A3956D46DE8}") = "Lab2", "Lab2", "{477CCA2B-2F97-4967-8F01-9E53D5CC4D04}"
EndProject
Project("{8BC9CEB8-8B4A-11D0-8D11-00A0C91BC942}") = "classesConstructorsAndDestructors", "classesConstructorsAndDestructors\classesConstructorsAndDestructors.vcxproj", "{9B02C751-C746-4320-8B33-A8D9E3A54A38}"
EndProject
Project("{8BC9CEB8-8B4A-11D0-8D11-00A0C91BC942}") = "timeItII", "timeItII\timeItII.vcxproj", "{78893AAE-39C4-4CEC-BF10-2F85F0D0661A}"
EndProject
Project("{8BC9CEB8-8B4A-11D0-8D11-00A0C91BC942}") = "cStyleStrings", "cStyleStrings\cStyleStrings.vcxproj", "{AA0D6C8B-953F-46CB-BAC3-C81F568575A4}"
EndProject
Project("{8BC9CEB8-8B4A-11D0-8D11-00A0C91BC942}") = "Lab3", "Lab3\Lab3.vcxproj", "{107C8CD2-718A-4DB5-BD89-584CA52DE723}"
EndProject
Project("{2150E333-8FDC-42A3-9474-1A3956D46DE8}") = "Lab3", "Lab3", "{20C7E2D0-6DE8-4A8B-A93E-8F52F0B08B96}"
EndProject
Project("{2150E333-8FDC-42A3-9474-1A3956D46DE8}") = "Lab4", "Lab4", "{039FBA9A-4262-4CDF-82EF-AF06867CCA76}"
EndProject
Project("{8BC9CEB8-8B4A-11D0-8D11-00A0C91BC942}") = "Lab4", "Lab4\Lab4.vcxproj", "{6302F8C8-B17E-48DB-9B04-FC9E35436F44}"
EndProject
Project("{2150E333-8FDC-42A3-9474-1A3956D46DE8}") = "Lab5", "Lab5", "{25F0B568-88BC-4F5C-B167-4248537974C5}"
EndProject
Project("{8BC9CEB8-8B4A-11D0-8D11-00A0C91BC942}") = "Lab5", "Lab5\Lab5.vcxproj", "{5473B14F-E5A2-44AA-8549-3FAB2E7D4226}"
EndProject
Project("{2150E333-8FDC-42A3-9474-1A3956D46DE8}") = "HW2", "HW2", "{6FC83553-455D-4E85-86D2-014731797DC4}"
EndProject
Project("{8BC9CEB8-8B4A-11D0-8D11-00A0C91BC942}") = "linkedList", "linkedList\linkedList.vcxproj", "{2F4B4720-DE58-42A0-BE15-BED4002D9282}"
EndProject
Project("{2150E333-8FDC-42A3-9474-1A3956D46DE8}") = "Lab6", "Lab6", "{36F98CF5-1546-405D-9A69-5127F2799FD4}"
EndProject
Project("{8BC9CEB8-8B4A-11D0-8D11-00A0C91BC942}") = "Lab6", "Lab6\Lab6.vcxproj", "{7E6B29A7-22F9-47AC-B63B-AEF885FDAE8E}"
EndProject
Project("{8BC9CEB8-8B4A-11D0-8D11-00A0C91BC942}") = "memoryLayout", "memoryLayout\memoryLayout.vcxproj", "{837AB79C-FDC5-41EA-850D-240081CF067C}"
EndProject
Global
	GlobalSection(SolutionConfigurationPlatforms) = preSolution
		Debug|x64 = Debug|x64
		Debug|x86 = Debug|x86
		Release|x64 = Release|x64
		Release|x86 = Release|x86
	EndGlobalSection
	GlobalSection(ProjectConfigurationPlatforms) = postSolution
		{E99273A3-26A4-471E-B318-F3E0175DA618}.Debug|x64.ActiveCfg = Debug|x64
		{E99273A3-26A4-471E-B318-F3E0175DA618}.Debug|x64.Build.0 = Debug|x64
		{E99273A3-26A4-471E-B318-F3E0175DA618}.Debug|x86.ActiveCfg = Debug|Win32
		{E99273A3-26A4-471E-B318-F3E0175DA618}.Debug|x86.Build.0 = Debug|Win32
		{E99273A3-26A4-471E-B318-F3E0175DA618}.Release|x64.ActiveCfg = Release|x64
		{E99273A3-26A4-471E-B318-F3E0175DA618}.Release|x64.Build.0 = Release|x64
		{E99273A3-26A4-471E-B318-F3E0175DA618}.Release|x86.ActiveCfg = Release|Win32
		{E99273A3-26A4-471E-B318-F3E0175DA618}.Release|x86.Build.0 = Release|Win32
		{AE195618-FFBD-413E-A122-165C20C453CC}.Debug|x64.ActiveCfg = Debug|x64
		{AE195618-FFBD-413E-A122-165C20C453CC}.Debug|x64.Build.0 = Debug|x64
		{AE195618-FFBD-413E-A122-165C20C453CC}.Debug|x86.ActiveCfg = Debug|Win32
		{AE195618-FFBD-413E-A122-165C20C453CC}.Debug|x86.Build.0 = Debug|Win32
		{AE195618-FFBD-413E-A122-165C20C453CC}.Release|x64.ActiveCfg = Release|x64
		{AE195618-FFBD-413E-A122-165C20C453CC}.Release|x64.Build.0 = Release|x64
		{AE195618-FFBD-413E-A122-165C20C453CC}.Release|x86.ActiveCfg = Release|Win32
		{AE195618-FFBD-413E-A122-165C20C453CC}.Release|x86.Build.0 = Release|Win32
		{D18297B2-0F79-4CBA-8795-5A05EF089041}.Debug|x64.ActiveCfg = Debug|x64
		{D18297B2-0F79-4CBA-8795-5A05EF089041}.Debug|x64.Build.0 = Debug|x64
		{D18297B2-0F79-4CBA-8795-5A05EF089041}.Debug|x86.ActiveCfg = Debug|Win32
		{D18297B2-0F79-4CBA-8795-5A05EF089041}.Debug|x86.Build.0 = Debug|Win32
		{D18297B2-0F79-4CBA-8795-5A05EF089041}.Release|x64.ActiveCfg = Release|x64
		{D18297B2-0F79-4CBA-8795-5A05EF089041}.Release|x64.Build.0 = Release|x64
		{D18297B2-0F79-4CBA-8795-5A05EF089041}.Release|x86.ActiveCfg = Release|Win32
		{D18297B2-0F79-4CBA-8795-5A05EF089041}.Release|x86.Build.0 = Release|Win32
		{6BE45984-2EAD-48AB-9E1D-708BA4C05D3A}.Debug|x64.ActiveCfg = Debug|x64
		{6BE45984-2EAD-48AB-9E1D-708BA4C05D3A}.Debug|x64.Build.0 = Debug|x64
		{6BE45984-2EAD-48AB-9E1D-708BA4C05D3A}.Debug|x86.ActiveCfg = Debug|Win32
		{6BE45984-2EAD-48AB-9E1D-708BA4C05D3A}.Debug|x86.Build.0 = Debug|Win32
		{6BE45984-2EAD-48AB-9E1D-708BA4C05D3A}.Release|x64.ActiveCfg = Release|x64
		{6BE45984-2EAD-48AB-9E1D-708BA4C05D3A}.Release|x64.Build.0 = Release|x64
		{6BE45984-2EAD-48AB-9E1D-708BA4C05D3A}.Release|x86.ActiveCfg = Release|Win32
		{6BE45984-2EAD-48AB-9E1D-708BA4C05D3A}.Release|x86.Build.0 = Release|Win32
		{9B02C751-C746-4320-8B33-A8D9E3A54A38}.Debug|x64.ActiveCfg = Debug|x64
		{9B02C751-C746-4320-8B33-A8D9E3A54A38}.Debug|x64.Build.0 = Debug|x64
		{9B02C751-C746-4320-8B33-A8D9E3A54A38}.Debug|x86.ActiveCfg = Debug|Win32
		{9B02C751-C746-4320-8B33-A8D9E3A54A38}.Debug|x86.Build.0 = Debug|Win32
		{9B02C751-C746-4320-8B33-A8D9E3A54A38}.Release|x64.ActiveCfg = Release|x64
		{9B02C751-C746-4320-8B33-A8D9E3A54A38}.Release|x64.Build.0 = Release|x64
		{9B02C751-C746-4320-8B33-A8D9E3A54A38}.Release|x86.ActiveCfg = Release|Win32
		{9B02C751-C746-4320-8B33-A8D9E3A54A38}.Release|x86.Build.0 = Release|Win32
		{78893AAE-39C4-4CEC-BF10-2F85F0D0661A}.Debug|x64.ActiveCfg = Debug|x64
		{78893AAE-39C4-4CEC-BF10-2F85F0D0661A}.Debug|x64.Build.0 = Debug|x64
		{78893AAE-39C4-4CEC-BF10-2F85F0D0661A}.Debug|x86.ActiveCfg = Debug|Win32
		{78893AAE-39C4-4CEC-BF10-2F85F0D0661A}.Debug|x86.Build.0 = Debug|Win32
		{78893AAE-39C4-4CEC-BF10-2F85F0D0661A}.Release|x64.ActiveCfg = Release|x64
		{78893AAE-39C4-4CEC-BF10-2F85F0D0661A}.Release|x64.Build.0 = Release|x64
		{78893AAE-39C4-4CEC-BF10-2F85F0D0661A}.Release|x86.ActiveCfg = Release|Win32
		{78893AAE-39C4-4CEC-BF10-2F85F0D0661A}.Release|x86.Build.0 = Release|Win32
		{AA0D6C8B-953F-46CB-BAC3-C81F568575A4}.Debug|x64.ActiveCfg = Debug|x64
		{AA0D6C8B-953F-46CB-BAC3-C81F568575A4}.Debug|x64.Build.0 = Debug|x64
		{AA0D6C8B-953F-46CB-BAC3-C81F568575A4}.Debug|x86.ActiveCfg = Debug|Win32
		{AA0D6C8B-953F-46CB-BAC3-C81F568575A4}.Debug|x86.Build.0 = Debug|Win32
		{AA0D6C8B-953F-46CB-BAC3-C81F568575A4}.Release|x64.ActiveCfg = Release|x64
		{AA0D6C8B-953F-46CB-BAC3-C81F568575A4}.Release|x64.Build.0 = Release|x64
		{AA0D6C8B-953F-46CB-BAC3-C81F568575A4}.Release|x86.ActiveCfg = Release|Win32
		{AA0D6C8B-953F-46CB-BAC3-C81F568575A4}.Release|x86.Build.0 = Release|Win32
		{107C8CD2-718A-4DB5-BD89-584CA52DE723}.Debug|x64.ActiveCfg = Debug|x64
		{107C8CD2-718A-4DB5-BD89-584CA52DE723}.Debug|x64.Build.0 = Debug|x64
		{107C8CD2-718A-4DB5-BD89-584CA52DE723}.Debug|x86.ActiveCfg = Debug|Win32
		{107C8CD2-718A-4DB5-BD89-584CA52DE723}.Debug|x86.Build.0 = Debug|Win32
		{107C8CD2-718A-4DB5-BD89-584CA52DE723}.Release|x64.ActiveCfg = Release|x64
		{107C8CD2-718A-4DB5-BD89-584CA52DE723}.Release|x64.Build.0 = Release|x64
		{107C8CD2-718A-4DB5-BD89-584CA52DE723}.Release|x86.ActiveCfg = Release|Win32
		{107C8CD2-718A-4DB5-BD89-584CA52DE723}.Release|x86.Build.0 = Release|Win32
		{6302F8C8-B17E-48DB-9B04-FC9E35436F44}.Debug|x64.ActiveCfg = Debug|x64
		{6302F8C8-B17E-48DB-9B04-FC9E35436F44}.Debug|x64.Build.0 = Debug|x64
		{6302F8C8-B17E-48DB-9B04-FC9E35436F44}.Debug|x86.ActiveCfg = Debug|Win32
		{6302F8C8-B17E-48DB-9B04-FC9E35436F44}.Debug|x86.Build.0 = Debug|Win32
		{6302F8C8-B17E-48DB-9B04-FC9E35436F44}.Release|x64.ActiveCfg = Release|x64
		{6302F8C8-B17E-48DB-9B04-FC9E35436F44}.Release|x64.Build.0 = Release|x64
		{6302F8C8-B17E-48DB-9B04-FC9E35436F44}.Release|x86.ActiveCfg = Release|Win32
		{6302F8C8-B17E-48DB-9B04-FC9E35436F44}.Release|x86.Build.0 = Release|Win32
		{5473B14F-E5A2-44AA-8549-3FAB2E7D4226}.Debug|x64.ActiveCfg = Debug|x64
		{5473B14F-E5A2-44AA-8549-3FAB2E7D4226}.Debug|x64.Build.0 = Debug|x64
		{5473B14F-E5A2-44AA-8549-3FAB2E7D4226}.Debug|x86.ActiveCfg = Debug|Win32
		{5473B14F-E5A2-44AA-8549-3FAB2E7D4226}.Debug|x86.Build.0 = Debug|Win32
		{5473B14F-E5A2-44AA-8549-3FAB2E7D4226}.Release|x64.ActiveCfg = Release|x64
		{5473B14F-E5A2-44AA-8549-3FAB2E7D4226}.Release|x64.Build.0 = Release|x64
		{5473B14F-E5A2-44AA-8549-3FAB2E7D4226}.Release|x86.ActiveCfg = Release|Win32
		{5473B14F-E5A2-44AA-8549-3FAB2E7D4226}.Release|x86.Build.0 = Release|Win32
		{2F4B4720-DE58-42A0-BE15-BED4002D9282}.Debug|x64.ActiveCfg = Debug|x64
		{2F4B4720-DE58-42A0-BE15-BED4002D9282}.Debug|x64.Build.0 = Debug|x64
		{2F4B4720-DE58-42A0-BE15-BED4002D9282}.Debug|x86.ActiveCfg = Debug|Win32
		{2F4B4720-DE58-42A0-BE15-BED4002D9282}.Debug|x86.Build.0 = Debug|Win32
		{2F4B4720-DE58-42A0-BE15-BED4002D9282}.Release|x64.ActiveCfg = Release|x64
		{2F4B4720-DE58-42A0-BE15-BED4002D9282}.Release|x64.Build.0 = Release|x64
		{2F4B4720-DE58-42A0-BE15-BED4002D9282}.Release|x86.ActiveCfg = Release|Win32
		{2F4B4720-DE58-42A0-BE15-BED4002D9282}.Release|x86.Build.0 = Release|Win32
		{7E6B29A7-22F9-47AC-B63B-AEF885FDAE8E}.Debug|x64.ActiveCfg = Debug|x64
		{7E6B29A7-22F9-47AC-B63B-AEF885FDAE8E}.Debug|x64.Build.0 = Debug|x64
		{7E6B29A7-22F9-47AC-B63B-AEF885FDAE8E}.Debug|x86.ActiveCfg = Debug|Win32
		{7E6B29A7-22F9-47AC-B63B-AEF885FDAE8E}.Debug|x86.Build.0 = Debug|Win32
		{7E6B29A7-22F9-47AC-B63B-AEF885FDAE8E}.Release|x64.ActiveCfg = Release|x64
		{7E6B29A7-22F9-47AC-B63B-AEF885FDAE8E}.Release|x64.Build.0 = Release|x64
		{7E6B29A7-22F9-47AC-B63B-AEF885FDAE8E}.Release|x86.ActiveCfg = Release|Win32
		{7E6B29A7-22F9-47AC-B63B-AEF885FDAE8E}.Release|x86.Build.0 = Release|Win32
		{837AB79C-FDC5-41EA-850D-240081CF067C}.Debug|x64.ActiveCfg = Debug|x64
		{837AB79C-FDC5-41EA-850D-240081CF067C}.Debug|x64.Build.0 = Debug|x64
		{837AB79C-FDC5-41EA-850D-240081CF067C}.Debug|x86.ActiveCfg = Debug|Win32
		{837AB79C-FDC5-41EA-850D-240081CF067C}.Debug|x86.Build.0 = Debug|Win32
		{837AB79C-FDC5-41EA-850D-240081CF067C}.Release|x64.ActiveCfg = Release|x64
		{837AB79C-FDC5-41EA-850D-240081CF067C}.Release|x64.Build.0 = Release|x64
		{837AB79C-FDC5-41EA-850D-240081CF067C}.Release|x86.ActiveCfg = Release|Win32
		{837AB79C-FDC5-41EA-850D-240081CF067C}.Release|x86.Build.0 = Release|Win32
	EndGlobalSection
	GlobalSection(SolutionProperties) = preSolution
		HideSolutionNode = FALSE
	EndGlobalSection
	GlobalSection(NestedProjects) = preSolution
		{BF821DB8-D22F-4C76-A9B8-31F7C91BC45A} = {728E1F48-A127-49C2-AB12-1DA8B045C10C}
		{AE195618-FFBD-413E-A122-165C20C453CC} = {BF821DB8-D22F-4C76-A9B8-31F7C91BC45A}
		{D18297B2-0F79-4CBA-8795-5A05EF089041} = {BF821DB8-D22F-4C76-A9B8-31F7C91BC45A}
		{3A4637E0-F3EA-48A4-ADC1-A7BB366EB864} = {728E1F48-A127-49C2-AB12-1DA8B045C10C}
		{6BE45984-2EAD-48AB-9E1D-708BA4C05D3A} = {3A4637E0-F3EA-48A4-ADC1-A7BB366EB864}
		{477CCA2B-2F97-4967-8F01-9E53D5CC4D04} = {69D666C1-3CEB-4283-8D60-C253CBF58442}
		{9B02C751-C746-4320-8B33-A8D9E3A54A38} = {477CCA2B-2F97-4967-8F01-9E53D5CC4D04}
		{78893AAE-39C4-4CEC-BF10-2F85F0D0661A} = {3A4637E0-F3EA-48A4-ADC1-A7BB366EB864}
		{AA0D6C8B-953F-46CB-BAC3-C81F568575A4} = {3A4637E0-F3EA-48A4-ADC1-A7BB366EB864}
		{107C8CD2-718A-4DB5-BD89-584CA52DE723} = {20C7E2D0-6DE8-4A8B-A93E-8F52F0B08B96}
		{20C7E2D0-6DE8-4A8B-A93E-8F52F0B08B96} = {69D666C1-3CEB-4283-8D60-C253CBF58442}
		{039FBA9A-4262-4CDF-82EF-AF06867CCA76} = {69D666C1-3CEB-4283-8D60-C253CBF58442}
		{6302F8C8-B17E-48DB-9B04-FC9E35436F44} = {039FBA9A-4262-4CDF-82EF-AF06867CCA76}
		{25F0B568-88BC-4F5C-B167-4248537974C5} = {69D666C1-3CEB-4283-8D60-C253CBF58442}
		{5473B14F-E5A2-44AA-8549-3FAB2E7D4226} = {25F0B568-88BC-4F5C-B167-4248537974C5}
		{6FC83553-455D-4E85-86D2-014731797DC4} = {728E1F48-A127-49C2-AB12-1DA8B045C10C}
		{2F4B4720-DE58-42A0-BE15-BED4002D9282} = {6FC83553-455D-4E85-86D2-014731797DC4}
		{36F98CF5-1546-405D-9A69-5127F2799FD4} = {69D666C1-3CEB-4283-8D60-C253CBF58442}
		{7E6B29A7-22F9-47AC-B63B-AEF885FDAE8E} = {36F98CF5-1546-405D-9A69-5127F2799FD4}
		{837AB79C-FDC5-41EA-850D-240081CF067C} = {6FC83553-455D-4E85-86D2-014731797DC4}
	EndGlobalSection
	GlobalSection(ExtensibilityGlobals) = postSolution
		SolutionGuid = {11A77A0E-9478-4ACA-94B4-6DD598F7D4C6}
	EndGlobalSection
EndGlobal
