
Microsoft Visual Studio Solution File, Format Version 12.00
# Visual Studio Version 16
VisualStudioVersion = 16.0.31613.86
MinimumVisualStudioVersion = 10.0.40219.1
Project("{8BC9CEB8-8B4A-11D0-8D11-00A0C91BC942}") = "CS202", "CS202\CS202.vcxproj", "{E99273A3-26A4-471E-B318-F3E0175DA618}"
EndProject
Project("{2150E333-8FDC-42A3-9474-1A3956D46DE8}") = "Homework", "Homework", "{728E1F48-A127-49C2-AB12-1DA8B045C10C}"
EndProject
Project("{2150E333-8FDC-42A3-9474-1A3956D46DE8}") = "HW0", "HW0", "{BF821DB8-D22F-4C76-A9B8-31F7C91BC45A}"
EndProject
Project("{8BC9CEB8-8B4A-11D0-8D11-00A0C91BC942}") = "temperature", "temperature\temperature.vcxproj", "{AE195618-FFBD-413E-A122-165C20C453CC}"
EndProject
Project("{8BC9CEB8-8B4A-11D0-8D11-00A0C91BC942}") = "beeMovieScriptPrinter", "beeMovieScriptPrinter\Bee Movie Script printer.vcxproj", "{D18297B2-0F79-4CBA-8795-5A05EF089041}"
EndProject
Project("{2150E333-8FDC-42A3-9474-1A3956D46DE8}") = "HW1", "HW1", "{3A4637E0-F3EA-48A4-ADC1-A7BB366EB864}"
EndProject
Project("{8BC9CEB8-8B4A-11D0-8D11-00A0C91BC942}") = "timeItI", "timeItI\timeItI.vcxproj", "{6BE45984-2EAD-48AB-9E1D-708BA4C05D3A}"
EndProject
Project("{2150E333-8FDC-42A3-9474-1A3956D46DE8}") = "Labs", "Labs", "{69D666C1-3CEB-4283-8D60-C253CBF58442}"
EndProject
Project("{2150E333-8FDC-42A3-9474-1A3956D46DE8}") = "Lab2", "Lab2", "{477CCA2B-2F97-4967-8F01-9E53D5CC4D04}"
EndProject
Project("{8BC9CEB8-8B4A-11D0-8D11-00A0C91BC942}") = "classesConstructorsAndDestructors", "classesConstructorsAndDestructors\classesConstructorsAndDestructors.vcxproj", "{9B02C751-C746-4320-8B33-A8D9E3A54A38}"
EndProject
Project("{8BC9CEB8-8B4A-11D0-8D11-00A0C91BC942}") = "timeItII", "timeItII\timeItII.vcxproj", "{78893AAE-39C4-4CEC-BF10-2F85F0D0661A}"
EndProject
Project("{8BC9CEB8-8B4A-11D0-8D11-00A0C91BC942}") = "cStyleStrings", "cStyleStrings\cStyleStrings.vcxproj", "{AA0D6C8B-953F-46CB-BAC3-C81F568575A4}"
EndProject
Project("{8BC9CEB8-8B4A-11D0-8D11-00A0C91BC942}") = "Lab3", "Lab3\Lab3.vcxproj", "{107C8CD2-718A-4DB5-BD89-584CA52DE723}"
EndProject
Project("{2150E333-8FDC-42A3-9474-1A3956D46DE8}") = "Lab3", "Lab3", "{20C7E2D0-6DE8-4A8B-A93E-8F52F0B08B96}"
EndProject
Project("{2150E333-8FDC-42A3-9474-1A3956D46DE8}") = "Lab4", "Lab4", "{039FBA9A-4262-4CDF-82EF-AF06867CCA76}"
EndProject
Project("{8BC9CEB8-8B4A-11D0-8D11-00A0C91BC942}") = "Lab4", "Lab4\Lab4.vcxproj", "{6302F8C8-B17E-48DB-9B04-FC9E35436F44}"
EndProject
Project("{2150E333-8FDC-42A3-9474-1A3956D46DE8}") = "Lab5", "Lab5", "{25F0B568-88BC-4F5C-B167-4248537974C5}"
EndProject
Project("{8BC9CEB8-8B4A-11D0-8D11-00A0C91BC942}") = "Lab5", "Lab5\Lab5.vcxproj", "{5473B14F-E5A2-44AA-8549-3FAB2E7D4226}"
EndProject
Project("{2150E333-8FDC-42A3-9474-1A3956D46DE8}") = "HW2", "HW2", "{6FC83553-455D-4E85-86D2-014731797DC4}"
EndProject
Project("{8BC9CEB8-8B4A-11D0-8D11-00A0C91BC942}") = "linkedList", "linkedList\linkedList.vcxproj", "{2F4B4720-DE58-42A0-BE15-BED4002D9282}"
EndProject
Project("{2150E333-8FDC-42A3-9474-1A3956D46DE8}") = "Lab6", "Lab6", "{36F98CF5-1546-405D-9A69-5127F2799FD4}"
EndProject
Project("{8BC9CEB8-8B4A-11D0-8D11-00A0C91BC942}") = "Lab6", "Lab6\Lab6.vcxproj", "{7E6B29A7-22F9-47AC-B63B-AEF885FDAE8E}"
EndProject
Project("{8BC9CEB8-8B4A-11D0-8D11-00A0C91BC942}") = "memoryLayout", "memoryLayout\memoryLayout.vcxproj", "{837AB79C-FDC5-41EA-850D-240081CF067C}"
EndProject
Project("{8BC9CEB8-8B4A-11D0-8D11-00A0C91BC942}") = "spelunkingInC++", "spelunkingInC++\spelunkingInC++.vcxproj", "{A882F615-BFF8-478D-984A-3C980062CF01}"
EndProject
Project("{2150E333-8FDC-42A3-9474-1A3956D46DE8}") = "Lab7", "Lab7", "{EEA3B317-1C0A-4042-9A02-5011456AB34E}"
EndProject
Project("{8BC9CEB8-8B4A-11D0-8D11-00A0C91BC942}") = "Lab7", "Lab7\Lab7.vcxproj", "{AB8A4936-08D3-486E-B362-5449B1C660F9}"
EndProject
Project("{2150E333-8FDC-42A3-9474-1A3956D46DE8}") = "Lab8", "Lab8", "{F455EEF3-D34F-4301-886B-14FB8D54602B}"
EndProject
Project("{8BC9CEB8-8B4A-11D0-8D11-00A0C91BC942}") = "Lab8", "Lab8\Lab8.vcxproj", "{5F9D0DCC-923E-411A-A4F0-F10FD8BF8AFF}"
EndProject
Project("{2150E333-8FDC-42A3-9474-1A3956D46DE8}") = "Lab9", "Lab9", "{D88E404C-A7E2-4F08-B76B-F16FF5580C08}"
EndProject
Project("{8BC9CEB8-8B4A-11D0-8D11-00A0C91BC942}") = "Lab9", "Lab9\Lab9.vcxproj", "{868EDAD3-A55C-46AE-8E65-EBCDEA2BD2AF}"
EndProject
Project("{2150E333-8FDC-42A3-9474-1A3956D46DE8}") = "HW3", "HW3", "{C91ED69B-4956-4325-95F0-01B0580E7759}"
EndProject
Project("{8BC9CEB8-8B4A-11D0-8D11-00A0C91BC942}") = "SimpleTokenizer", "SimpleTokenizer\SimpleTokenizer.vcxproj", "{E3CEFB9C-3181-469B-8937-5FBFA4F66F56}"
EndProject
Project("{8BC9CEB8-8B4A-11D0-8D11-00A0C91BC942}") = "moneyClass", "moneyClass\moneyClass.vcxproj", "{8D267218-0D13-4C88-89AF-B37ABB38276E}"
EndProject
Project("{8BC9CEB8-8B4A-11D0-8D11-00A0C91BC942}") = "Project3(FAIL)", "Project3\Project3.vcxproj", "{5775ED39-19F6-4EA4-82DD-01F35CFBE91A}"
EndProject
Project("{8BC9CEB8-8B4A-11D0-8D11-00A0C91BC942}") = "OpenGLAttempt2", "OpenGLAttempt2\OpenGLAttempt2.vcxproj", "{D2776E13-21AF-4F57-9475-502EB9CAA8A3}"
EndProject
Project("{2150E333-8FDC-42A3-9474-1A3956D46DE8}") = "Midterm", "Midterm", "{26F61C52-CAE2-4EBA-B7C1-AB6F9F1BE9AE}"
EndProject
Project("{8BC9CEB8-8B4A-11D0-8D11-00A0C91BC942}") = "PrettyPrint", "Question1\Question1.vcxproj", "{09A51444-4733-4CBD-B5BE-4C37888A0E7F}"
EndProject
Project("{2150E333-8FDC-42A3-9474-1A3956D46DE8}") = "Lab10", "Lab10", "{A8BC6A1F-DEEB-4D26-87F5-49D09401F01B}"
EndProject
Project("{2150E333-8FDC-42A3-9474-1A3956D46DE8}") = "Lab11", "Lab11", "{E06C82BA-3416-4815-B6CB-EAEE4E078E03}"
EndProject
Project("{8BC9CEB8-8B4A-11D0-8D11-00A0C91BC942}") = "Lab10", "Lab10\Lab10.vcxproj", "{65F8B027-0D12-4083-815B-C76BCFA59834}"
EndProject
Project("{8BC9CEB8-8B4A-11D0-8D11-00A0C91BC942}") = "Lab11", "Lab11\Lab11.vcxproj", "{3CFD4F14-4267-4631-A1E5-C639C9B637BB}"
EndProject
Project("{2150E333-8FDC-42A3-9474-1A3956D46DE8}") = "HW4", "HW4", "{8913CB09-CC80-4816-8255-7DD772F6E59B}"
EndProject
Project("{8BC9CEB8-8B4A-11D0-8D11-00A0C91BC942}") = "Boxes", "Boxes\Boxes.vcxproj", "{ACE071D1-443F-4709-8B08-AE391D2F151E}"
EndProject
Global
	GlobalSection(SolutionConfigurationPlatforms) = preSolution
		Debug|x64 = Debug|x64
		Debug|x86 = Debug|x86
		Release|x64 = Release|x64
		Release|x86 = Release|x86
	EndGlobalSection
	GlobalSection(ProjectConfigurationPlatforms) = postSolution
		{E99273A3-26A4-471E-B318-F3E0175DA618}.Debug|x64.ActiveCfg = Debug|x64
		{E99273A3-26A4-471E-B318-F3E0175DA618}.Debug|x64.Build.0 = Debug|x64
		{E99273A3-26A4-471E-B318-F3E0175DA618}.Debug|x86.ActiveCfg = Debug|Win32
		{E99273A3-26A4-471E-B318-F3E0175DA618}.Debug|x86.Build.0 = Debug|Win32
		{E99273A3-26A4-471E-B318-F3E0175DA618}.Release|x64.ActiveCfg = Release|x64
		{E99273A3-26A4-471E-B318-F3E0175DA618}.Release|x64.Build.0 = Release|x64
		{E99273A3-26A4-471E-B318-F3E0175DA618}.Release|x86.ActiveCfg = Release|Win32
		{E99273A3-26A4-471E-B318-F3E0175DA618}.Release|x86.Build.0 = Release|Win32
		{AE195618-FFBD-413E-A122-165C20C453CC}.Debug|x64.ActiveCfg = Debug|x64
		{AE195618-FFBD-413E-A122-165C20C453CC}.Debug|x64.Build.0 = Debug|x64
		{AE195618-FFBD-413E-A122-165C20C453CC}.Debug|x86.ActiveCfg = Debug|Win32
		{AE195618-FFBD-413E-A122-165C20C453CC}.Debug|x86.Build.0 = Debug|Win32
		{AE195618-FFBD-413E-A122-165C20C453CC}.Release|x64.ActiveCfg = Release|x64
		{AE195618-FFBD-413E-A122-165C20C453CC}.Release|x64.Build.0 = Release|x64
		{AE195618-FFBD-413E-A122-165C20C453CC}.Release|x86.ActiveCfg = Release|Win32
		{AE195618-FFBD-413E-A122-165C20C453CC}.Release|x86.Build.0 = Release|Win32
		{D18297B2-0F79-4CBA-8795-5A05EF089041}.Debug|x64.ActiveCfg = Debug|x64
		{D18297B2-0F79-4CBA-8795-5A05EF089041}.Debug|x64.Build.0 = Debug|x64
		{D18297B2-0F79-4CBA-8795-5A05EF089041}.Debug|x86.ActiveCfg = Debug|Win32
		{D18297B2-0F79-4CBA-8795-5A05EF089041}.Debug|x86.Build.0 = Debug|Win32
		{D18297B2-0F79-4CBA-8795-5A05EF089041}.Release|x64.ActiveCfg = Release|x64
		{D18297B2-0F79-4CBA-8795-5A05EF089041}.Release|x64.Build.0 = Release|x64
		{D18297B2-0F79-4CBA-8795-5A05EF089041}.Release|x86.ActiveCfg = Release|Win32
		{D18297B2-0F79-4CBA-8795-5A05EF089041}.Release|x86.Build.0 = Release|Win32
		{6BE45984-2EAD-48AB-9E1D-708BA4C05D3A}.Debug|x64.ActiveCfg = Debug|x64
		{6BE45984-2EAD-48AB-9E1D-708BA4C05D3A}.Debug|x64.Build.0 = Debug|x64
		{6BE45984-2EAD-48AB-9E1D-708BA4C05D3A}.Debug|x86.ActiveCfg = Debug|Win32
		{6BE45984-2EAD-48AB-9E1D-708BA4C05D3A}.Debug|x86.Build.0 = Debug|Win32
		{6BE45984-2EAD-48AB-9E1D-708BA4C05D3A}.Release|x64.ActiveCfg = Release|x64
		{6BE45984-2EAD-48AB-9E1D-708BA4C05D3A}.Release|x64.Build.0 = Release|x64
		{6BE45984-2EAD-48AB-9E1D-708BA4C05D3A}.Release|x86.ActiveCfg = Release|Win32
		{6BE45984-2EAD-48AB-9E1D-708BA4C05D3A}.Release|x86.Build.0 = Release|Win32
		{9B02C751-C746-4320-8B33-A8D9E3A54A38}.Debug|x64.ActiveCfg = Debug|x64
		{9B02C751-C746-4320-8B33-A8D9E3A54A38}.Debug|x64.Build.0 = Debug|x64
		{9B02C751-C746-4320-8B33-A8D9E3A54A38}.Debug|x86.ActiveCfg = Debug|Win32
		{9B02C751-C746-4320-8B33-A8D9E3A54A38}.Debug|x86.Build.0 = Debug|Win32
		{9B02C751-C746-4320-8B33-A8D9E3A54A38}.Release|x64.ActiveCfg = Release|x64
		{9B02C751-C746-4320-8B33-A8D9E3A54A38}.Release|x64.Build.0 = Release|x64
		{9B02C751-C746-4320-8B33-A8D9E3A54A38}.Release|x86.ActiveCfg = Release|Win32
		{9B02C751-C746-4320-8B33-A8D9E3A54A38}.Release|x86.Build.0 = Release|Win32
		{78893AAE-39C4-4CEC-BF10-2F85F0D0661A}.Debug|x64.ActiveCfg = Debug|x64
		{78893AAE-39C4-4CEC-BF10-2F85F0D0661A}.Debug|x64.Build.0 = Debug|x64
		{78893AAE-39C4-4CEC-BF10-2F85F0D0661A}.Debug|x86.ActiveCfg = Debug|Win32
		{78893AAE-39C4-4CEC-BF10-2F85F0D0661A}.Debug|x86.Build.0 = Debug|Win32
		{78893AAE-39C4-4CEC-BF10-2F85F0D0661A}.Release|x64.ActiveCfg = Release|x64
		{78893AAE-39C4-4CEC-BF10-2F85F0D0661A}.Release|x64.Build.0 = Release|x64
		{78893AAE-39C4-4CEC-BF10-2F85F0D0661A}.Release|x86.ActiveCfg = Release|Win32
		{78893AAE-39C4-4CEC-BF10-2F85F0D0661A}.Release|x86.Build.0 = Release|Win32
		{AA0D6C8B-953F-46CB-BAC3-C81F568575A4}.Debug|x64.ActiveCfg = Debug|x64
		{AA0D6C8B-953F-46CB-BAC3-C81F568575A4}.Debug|x64.Build.0 = Debug|x64
		{AA0D6C8B-953F-46CB-BAC3-C81F568575A4}.Debug|x86.ActiveCfg = Debug|Win32
		{AA0D6C8B-953F-46CB-BAC3-C81F568575A4}.Debug|x86.Build.0 = Debug|Win32
		{AA0D6C8B-953F-46CB-BAC3-C81F568575A4}.Release|x64.ActiveCfg = Release|x64
		{AA0D6C8B-953F-46CB-BAC3-C81F568575A4}.Release|x64.Build.0 = Release|x64
		{AA0D6C8B-953F-46CB-BAC3-C81F568575A4}.Release|x86.ActiveCfg = Release|Win32
		{AA0D6C8B-953F-46CB-BAC3-C81F568575A4}.Release|x86.Build.0 = Release|Win32
		{107C8CD2-718A-4DB5-BD89-584CA52DE723}.Debug|x64.ActiveCfg = Debug|x64
		{107C8CD2-718A-4DB5-BD89-584CA52DE723}.Debug|x64.Build.0 = Debug|x64
		{107C8CD2-718A-4DB5-BD89-584CA52DE723}.Debug|x86.ActiveCfg = Debug|Win32
		{107C8CD2-718A-4DB5-BD89-584CA52DE723}.Debug|x86.Build.0 = Debug|Win32
		{107C8CD2-718A-4DB5-BD89-584CA52DE723}.Release|x64.ActiveCfg = Release|x64
		{107C8CD2-718A-4DB5-BD89-584CA52DE723}.Release|x64.Build.0 = Release|x64
		{107C8CD2-718A-4DB5-BD89-584CA52DE723}.Release|x86.ActiveCfg = Release|Win32
		{107C8CD2-718A-4DB5-BD89-584CA52DE723}.Release|x86.Build.0 = Release|Win32
		{6302F8C8-B17E-48DB-9B04-FC9E35436F44}.Debug|x64.ActiveCfg = Debug|x64
		{6302F8C8-B17E-48DB-9B04-FC9E35436F44}.Debug|x64.Build.0 = Debug|x64
		{6302F8C8-B17E-48DB-9B04-FC9E35436F44}.Debug|x86.ActiveCfg = Debug|Win32
		{6302F8C8-B17E-48DB-9B04-FC9E35436F44}.Debug|x86.Build.0 = Debug|Win32
		{6302F8C8-B17E-48DB-9B04-FC9E35436F44}.Release|x64.ActiveCfg = Release|x64
		{6302F8C8-B17E-48DB-9B04-FC9E35436F44}.Release|x64.Build.0 = Release|x64
		{6302F8C8-B17E-48DB-9B04-FC9E35436F44}.Release|x86.ActiveCfg = Release|Win32
		{6302F8C8-B17E-48DB-9B04-FC9E35436F44}.Release|x86.Build.0 = Release|Win32
		{5473B14F-E5A2-44AA-8549-3FAB2E7D4226}.Debug|x64.ActiveCfg = Debug|x64
		{5473B14F-E5A2-44AA-8549-3FAB2E7D4226}.Debug|x64.Build.0 = Debug|x64
		{5473B14F-E5A2-44AA-8549-3FAB2E7D4226}.Debug|x86.ActiveCfg = Debug|Win32
		{5473B14F-E5A2-44AA-8549-3FAB2E7D4226}.Debug|x86.Build.0 = Debug|Win32
		{5473B14F-E5A2-44AA-8549-3FAB2E7D4226}.Release|x64.ActiveCfg = Release|x64
		{5473B14F-E5A2-44AA-8549-3FAB2E7D4226}.Release|x64.Build.0 = Release|x64
		{5473B14F-E5A2-44AA-8549-3FAB2E7D4226}.Release|x86.ActiveCfg = Release|Win32
		{5473B14F-E5A2-44AA-8549-3FAB2E7D4226}.Release|x86.Build.0 = Release|Win32
		{2F4B4720-DE58-42A0-BE15-BED4002D9282}.Debug|x64.ActiveCfg = Debug|x64
		{2F4B4720-DE58-42A0-BE15-BED4002D9282}.Debug|x64.Build.0 = Debug|x64
		{2F4B4720-DE58-42A0-BE15-BED4002D9282}.Debug|x86.ActiveCfg = Debug|Win32
		{2F4B4720-DE58-42A0-BE15-BED4002D9282}.Debug|x86.Build.0 = Debug|Win32
		{2F4B4720-DE58-42A0-BE15-BED4002D9282}.Release|x64.ActiveCfg = Release|x64
		{2F4B4720-DE58-42A0-BE15-BED4002D9282}.Release|x64.Build.0 = Release|x64
		{2F4B4720-DE58-42A0-BE15-BED4002D9282}.Release|x86.ActiveCfg = Release|Win32
		{2F4B4720-DE58-42A0-BE15-BED4002D9282}.Release|x86.Build.0 = Release|Win32
		{7E6B29A7-22F9-47AC-B63B-AEF885FDAE8E}.Debug|x64.ActiveCfg = Debug|x64
		{7E6B29A7-22F9-47AC-B63B-AEF885FDAE8E}.Debug|x64.Build.0 = Debug|x64
		{7E6B29A7-22F9-47AC-B63B-AEF885FDAE8E}.Debug|x86.ActiveCfg = Debug|Win32
		{7E6B29A7-22F9-47AC-B63B-AEF885FDAE8E}.Debug|x86.Build.0 = Debug|Win32
		{7E6B29A7-22F9-47AC-B63B-AEF885FDAE8E}.Release|x64.ActiveCfg = Release|x64
		{7E6B29A7-22F9-47AC-B63B-AEF885FDAE8E}.Release|x64.Build.0 = Release|x64
		{7E6B29A7-22F9-47AC-B63B-AEF885FDAE8E}.Release|x86.ActiveCfg = Release|Win32
		{7E6B29A7-22F9-47AC-B63B-AEF885FDAE8E}.Release|x86.Build.0 = Release|Win32
		{837AB79C-FDC5-41EA-850D-240081CF067C}.Debug|x64.ActiveCfg = Debug|x64
		{837AB79C-FDC5-41EA-850D-240081CF067C}.Debug|x64.Build.0 = Debug|x64
		{837AB79C-FDC5-41EA-850D-240081CF067C}.Debug|x86.ActiveCfg = Debug|Win32
		{837AB79C-FDC5-41EA-850D-240081CF067C}.Debug|x86.Build.0 = Debug|Win32
		{837AB79C-FDC5-41EA-850D-240081CF067C}.Release|x64.ActiveCfg = Release|x64
		{837AB79C-FDC5-41EA-850D-240081CF067C}.Release|x64.Build.0 = Release|x64
		{837AB79C-FDC5-41EA-850D-240081CF067C}.Release|x86.ActiveCfg = Release|Win32
		{837AB79C-FDC5-41EA-850D-240081CF067C}.Release|x86.Build.0 = Release|Win32
		{A882F615-BFF8-478D-984A-3C980062CF01}.Debug|x64.ActiveCfg = Debug|x64
		{A882F615-BFF8-478D-984A-3C980062CF01}.Debug|x64.Build.0 = Debug|x64
		{A882F615-BFF8-478D-984A-3C980062CF01}.Debug|x86.ActiveCfg = Debug|Win32
		{A882F615-BFF8-478D-984A-3C980062CF01}.Debug|x86.Build.0 = Debug|Win32
		{A882F615-BFF8-478D-984A-3C980062CF01}.Release|x64.ActiveCfg = Release|x64
		{A882F615-BFF8-478D-984A-3C980062CF01}.Release|x64.Build.0 = Release|x64
		{A882F615-BFF8-478D-984A-3C980062CF01}.Release|x86.ActiveCfg = Release|Win32
		{A882F615-BFF8-478D-984A-3C980062CF01}.Release|x86.Build.0 = Release|Win32
		{AB8A4936-08D3-486E-B362-5449B1C660F9}.Debug|x64.ActiveCfg = Debug|x64
		{AB8A4936-08D3-486E-B362-5449B1C660F9}.Debug|x64.Build.0 = Debug|x64
		{AB8A4936-08D3-486E-B362-5449B1C660F9}.Debug|x86.ActiveCfg = Debug|Win32
		{AB8A4936-08D3-486E-B362-5449B1C660F9}.Debug|x86.Build.0 = Debug|Win32
		{AB8A4936-08D3-486E-B362-5449B1C660F9}.Release|x64.ActiveCfg = Release|x64
		{AB8A4936-08D3-486E-B362-5449B1C660F9}.Release|x64.Build.0 = Release|x64
		{AB8A4936-08D3-486E-B362-5449B1C660F9}.Release|x86.ActiveCfg = Release|Win32
		{AB8A4936-08D3-486E-B362-5449B1C660F9}.Release|x86.Build.0 = Release|Win32
		{5F9D0DCC-923E-411A-A4F0-F10FD8BF8AFF}.Debug|x64.ActiveCfg = Debug|x64
		{5F9D0DCC-923E-411A-A4F0-F10FD8BF8AFF}.Debug|x64.Build.0 = Debug|x64
		{5F9D0DCC-923E-411A-A4F0-F10FD8BF8AFF}.Debug|x86.ActiveCfg = Debug|Win32
		{5F9D0DCC-923E-411A-A4F0-F10FD8BF8AFF}.Debug|x86.Build.0 = Debug|Win32
		{5F9D0DCC-923E-411A-A4F0-F10FD8BF8AFF}.Release|x64.ActiveCfg = Release|x64
		{5F9D0DCC-923E-411A-A4F0-F10FD8BF8AFF}.Release|x64.Build.0 = Release|x64
		{5F9D0DCC-923E-411A-A4F0-F10FD8BF8AFF}.Release|x86.ActiveCfg = Release|Win32
		{5F9D0DCC-923E-411A-A4F0-F10FD8BF8AFF}.Release|x86.Build.0 = Release|Win32
		{868EDAD3-A55C-46AE-8E65-EBCDEA2BD2AF}.Debug|x64.ActiveCfg = Debug|x64
		{868EDAD3-A55C-46AE-8E65-EBCDEA2BD2AF}.Debug|x64.Build.0 = Debug|x64
		{868EDAD3-A55C-46AE-8E65-EBCDEA2BD2AF}.Debug|x86.ActiveCfg = Debug|Win32
		{868EDAD3-A55C-46AE-8E65-EBCDEA2BD2AF}.Debug|x86.Build.0 = Debug|Win32
		{868EDAD3-A55C-46AE-8E65-EBCDEA2BD2AF}.Release|x64.ActiveCfg = Release|x64
		{868EDAD3-A55C-46AE-8E65-EBCDEA2BD2AF}.Release|x64.Build.0 = Release|x64
		{868EDAD3-A55C-46AE-8E65-EBCDEA2BD2AF}.Release|x86.ActiveCfg = Release|Win32
		{868EDAD3-A55C-46AE-8E65-EBCDEA2BD2AF}.Release|x86.Build.0 = Release|Win32
		{E3CEFB9C-3181-469B-8937-5FBFA4F66F56}.Debug|x64.ActiveCfg = Debug|x64
		{E3CEFB9C-3181-469B-8937-5FBFA4F66F56}.Debug|x64.Build.0 = Debug|x64
		{E3CEFB9C-3181-469B-8937-5FBFA4F66F56}.Debug|x86.ActiveCfg = Debug|Win32
		{E3CEFB9C-3181-469B-8937-5FBFA4F66F56}.Debug|x86.Build.0 = Debug|Win32
		{E3CEFB9C-3181-469B-8937-5FBFA4F66F56}.Release|x64.ActiveCfg = Release|x64
		{E3CEFB9C-3181-469B-8937-5FBFA4F66F56}.Release|x64.Build.0 = Release|x64
		{E3CEFB9C-3181-469B-8937-5FBFA4F66F56}.Release|x86.ActiveCfg = Release|Win32
		{E3CEFB9C-3181-469B-8937-5FBFA4F66F56}.Release|x86.Build.0 = Release|Win32
		{8D267218-0D13-4C88-89AF-B37ABB38276E}.Debug|x64.ActiveCfg = Debug|x64
		{8D267218-0D13-4C88-89AF-B37ABB38276E}.Debug|x64.Build.0 = Debug|x64
		{8D267218-0D13-4C88-89AF-B37ABB38276E}.Debug|x86.ActiveCfg = Debug|Win32
		{8D267218-0D13-4C88-89AF-B37ABB38276E}.Debug|x86.Build.0 = Debug|Win32
		{8D267218-0D13-4C88-89AF-B37ABB38276E}.Release|x64.ActiveCfg = Release|x64
		{8D267218-0D13-4C88-89AF-B37ABB38276E}.Release|x64.Build.0 = Release|x64
		{8D267218-0D13-4C88-89AF-B37ABB38276E}.Release|x86.ActiveCfg = Release|Win32
		{8D267218-0D13-4C88-89AF-B37ABB38276E}.Release|x86.Build.0 = Release|Win32
		{5775ED39-19F6-4EA4-82DD-01F35CFBE91A}.Debug|x64.ActiveCfg = Debug|x64
		{5775ED39-19F6-4EA4-82DD-01F35CFBE91A}.Debug|x64.Build.0 = Debug|x64
		{5775ED39-19F6-4EA4-82DD-01F35CFBE91A}.Debug|x86.ActiveCfg = Debug|Win32
		{5775ED39-19F6-4EA4-82DD-01F35CFBE91A}.Debug|x86.Build.0 = Debug|Win32
		{5775ED39-19F6-4EA4-82DD-01F35CFBE91A}.Release|x64.ActiveCfg = Release|x64
		{5775ED39-19F6-4EA4-82DD-01F35CFBE91A}.Release|x64.Build.0 = Release|x64
		{5775ED39-19F6-4EA4-82DD-01F35CFBE91A}.Release|x86.ActiveCfg = Release|Win32
		{5775ED39-19F6-4EA4-82DD-01F35CFBE91A}.Release|x86.Build.0 = Release|Win32
		{D2776E13-21AF-4F57-9475-502EB9CAA8A3}.Debug|x64.ActiveCfg = Debug|x64
		{D2776E13-21AF-4F57-9475-502EB9CAA8A3}.Debug|x64.Build.0 = Debug|x64
		{D2776E13-21AF-4F57-9475-502EB9CAA8A3}.Debug|x86.ActiveCfg = Debug|Win32
		{D2776E13-21AF-4F57-9475-502EB9CAA8A3}.Debug|x86.Build.0 = Debug|Win32
		{D2776E13-21AF-4F57-9475-502EB9CAA8A3}.Release|x64.ActiveCfg = Release|x64
		{D2776E13-21AF-4F57-9475-502EB9CAA8A3}.Release|x64.Build.0 = Release|x64
		{D2776E13-21AF-4F57-9475-502EB9CAA8A3}.Release|x86.ActiveCfg = Release|Win32
		{D2776E13-21AF-4F57-9475-502EB9CAA8A3}.Release|x86.Build.0 = Release|Win32
		{09A51444-4733-4CBD-B5BE-4C37888A0E7F}.Debug|x64.ActiveCfg = Debug|x64
		{09A51444-4733-4CBD-B5BE-4C37888A0E7F}.Debug|x64.Build.0 = Debug|x64
		{09A51444-4733-4CBD-B5BE-4C37888A0E7F}.Debug|x86.ActiveCfg = Debug|Win32
		{09A51444-4733-4CBD-B5BE-4C37888A0E7F}.Debug|x86.Build.0 = Debug|Win32
		{09A51444-4733-4CBD-B5BE-4C37888A0E7F}.Release|x64.ActiveCfg = Release|x64
		{09A51444-4733-4CBD-B5BE-4C37888A0E7F}.Release|x64.Build.0 = Release|x64
		{09A51444-4733-4CBD-B5BE-4C37888A0E7F}.Release|x86.ActiveCfg = Release|Win32
		{09A51444-4733-4CBD-B5BE-4C37888A0E7F}.Release|x86.Build.0 = Release|Win32
		{65F8B027-0D12-4083-815B-C76BCFA59834}.Debug|x64.ActiveCfg = Debug|x64
		{65F8B027-0D12-4083-815B-C76BCFA59834}.Debug|x64.Build.0 = Debug|x64
		{65F8B027-0D12-4083-815B-C76BCFA59834}.Debug|x86.ActiveCfg = Debug|Win32
		{65F8B027-0D12-4083-815B-C76BCFA59834}.Debug|x86.Build.0 = Debug|Win32
		{65F8B027-0D12-4083-815B-C76BCFA59834}.Release|x64.ActiveCfg = Release|x64
		{65F8B027-0D12-4083-815B-C76BCFA59834}.Release|x64.Build.0 = Release|x64
		{65F8B027-0D12-4083-815B-C76BCFA59834}.Release|x86.ActiveCfg = Release|Win32
		{65F8B027-0D12-4083-815B-C76BCFA59834}.Release|x86.Build.0 = Release|Win32
		{3CFD4F14-4267-4631-A1E5-C639C9B637BB}.Debug|x64.ActiveCfg = Debug|x64
		{3CFD4F14-4267-4631-A1E5-C639C9B637BB}.Debug|x64.Build.0 = Debug|x64
		{3CFD4F14-4267-4631-A1E5-C639C9B637BB}.Debug|x86.ActiveCfg = Debug|Win32
		{3CFD4F14-4267-4631-A1E5-C639C9B637BB}.Debug|x86.Build.0 = Debug|Win32
		{3CFD4F14-4267-4631-A1E5-C639C9B637BB}.Release|x64.ActiveCfg = Release|x64
		{3CFD4F14-4267-4631-A1E5-C639C9B637BB}.Release|x64.Build.0 = Release|x64
		{3CFD4F14-4267-4631-A1E5-C639C9B637BB}.Release|x86.ActiveCfg = Release|Win32
		{3CFD4F14-4267-4631-A1E5-C639C9B637BB}.Release|x86.Build.0 = Release|Win32
		{ACE071D1-443F-4709-8B08-AE391D2F151E}.Debug|x64.ActiveCfg = Debug|x64
		{ACE071D1-443F-4709-8B08-AE391D2F151E}.Debug|x64.Build.0 = Debug|x64
		{ACE071D1-443F-4709-8B08-AE391D2F151E}.Debug|x86.ActiveCfg = Debug|Win32
		{ACE071D1-443F-4709-8B08-AE391D2F151E}.Debug|x86.Build.0 = Debug|Win32
		{ACE071D1-443F-4709-8B08-AE391D2F151E}.Release|x64.ActiveCfg = Release|x64
		{ACE071D1-443F-4709-8B08-AE391D2F151E}.Release|x64.Build.0 = Release|x64
		{ACE071D1-443F-4709-8B08-AE391D2F151E}.Release|x86.ActiveCfg = Release|Win32
		{ACE071D1-443F-4709-8B08-AE391D2F151E}.Release|x86.Build.0 = Release|Win32
	EndGlobalSection
	GlobalSection(SolutionProperties) = preSolution
		HideSolutionNode = FALSE
	EndGlobalSection
	GlobalSection(NestedProjects) = preSolution
		{BF821DB8-D22F-4C76-A9B8-31F7C91BC45A} = {728E1F48-A127-49C2-AB12-1DA8B045C10C}
		{AE195618-FFBD-413E-A122-165C20C453CC} = {BF821DB8-D22F-4C76-A9B8-31F7C91BC45A}
		{D18297B2-0F79-4CBA-8795-5A05EF089041} = {BF821DB8-D22F-4C76-A9B8-31F7C91BC45A}
		{3A4637E0-F3EA-48A4-ADC1-A7BB366EB864} = {728E1F48-A127-49C2-AB12-1DA8B045C10C}
		{6BE45984-2EAD-48AB-9E1D-708BA4C05D3A} = {3A4637E0-F3EA-48A4-ADC1-A7BB366EB864}
		{477CCA2B-2F97-4967-8F01-9E53D5CC4D04} = {69D666C1-3CEB-4283-8D60-C253CBF58442}
		{9B02C751-C746-4320-8B33-A8D9E3A54A38} = {477CCA2B-2F97-4967-8F01-9E53D5CC4D04}
		{78893AAE-39C4-4CEC-BF10-2F85F0D0661A} = {3A4637E0-F3EA-48A4-ADC1-A7BB366EB864}
		{AA0D6C8B-953F-46CB-BAC3-C81F568575A4} = {3A4637E0-F3EA-48A4-ADC1-A7BB366EB864}
		{107C8CD2-718A-4DB5-BD89-584CA52DE723} = {20C7E2D0-6DE8-4A8B-A93E-8F52F0B08B96}
		{20C7E2D0-6DE8-4A8B-A93E-8F52F0B08B96} = {69D666C1-3CEB-4283-8D60-C253CBF58442}
		{039FBA9A-4262-4CDF-82EF-AF06867CCA76} = {69D666C1-3CEB-4283-8D60-C253CBF58442}
		{6302F8C8-B17E-48DB-9B04-FC9E35436F44} = {039FBA9A-4262-4CDF-82EF-AF06867CCA76}
		{25F0B568-88BC-4F5C-B167-4248537974C5} = {69D666C1-3CEB-4283-8D60-C253CBF58442}
		{5473B14F-E5A2-44AA-8549-3FAB2E7D4226} = {25F0B568-88BC-4F5C-B167-4248537974C5}
		{6FC83553-455D-4E85-86D2-014731797DC4} = {728E1F48-A127-49C2-AB12-1DA8B045C10C}
		{2F4B4720-DE58-42A0-BE15-BED4002D9282} = {6FC83553-455D-4E85-86D2-014731797DC4}
		{36F98CF5-1546-405D-9A69-5127F2799FD4} = {69D666C1-3CEB-4283-8D60-C253CBF58442}
		{7E6B29A7-22F9-47AC-B63B-AEF885FDAE8E} = {36F98CF5-1546-405D-9A69-5127F2799FD4}
		{837AB79C-FDC5-41EA-850D-240081CF067C} = {6FC83553-455D-4E85-86D2-014731797DC4}
		{A882F615-BFF8-478D-984A-3C980062CF01} = {6FC83553-455D-4E85-86D2-014731797DC4}
		{EEA3B317-1C0A-4042-9A02-5011456AB34E} = {69D666C1-3CEB-4283-8D60-C253CBF58442}
		{AB8A4936-08D3-486E-B362-5449B1C660F9} = {EEA3B317-1C0A-4042-9A02-5011456AB34E}
		{F455EEF3-D34F-4301-886B-14FB8D54602B} = {69D666C1-3CEB-4283-8D60-C253CBF58442}
		{5F9D0DCC-923E-411A-A4F0-F10FD8BF8AFF} = {F455EEF3-D34F-4301-886B-14FB8D54602B}
		{D88E404C-A7E2-4F08-B76B-F16FF5580C08} = {69D666C1-3CEB-4283-8D60-C253CBF58442}
		{868EDAD3-A55C-46AE-8E65-EBCDEA2BD2AF} = {D88E404C-A7E2-4F08-B76B-F16FF5580C08}
		{C91ED69B-4956-4325-95F0-01B0580E7759} = {728E1F48-A127-49C2-AB12-1DA8B045C10C}
		{E3CEFB9C-3181-469B-8937-5FBFA4F66F56} = {C91ED69B-4956-4325-95F0-01B0580E7759}
		{8D267218-0D13-4C88-89AF-B37ABB38276E} = {C91ED69B-4956-4325-95F0-01B0580E7759}
		{5775ED39-19F6-4EA4-82DD-01F35CFBE91A} = {C91ED69B-4956-4325-95F0-01B0580E7759}
		{D2776E13-21AF-4F57-9475-502EB9CAA8A3} = {C91ED69B-4956-4325-95F0-01B0580E7759}
		{26F61C52-CAE2-4EBA-B7C1-AB6F9F1BE9AE} = {728E1F48-A127-49C2-AB12-1DA8B045C10C}
		{09A51444-4733-4CBD-B5BE-4C37888A0E7F} = {26F61C52-CAE2-4EBA-B7C1-AB6F9F1BE9AE}
		{A8BC6A1F-DEEB-4D26-87F5-49D09401F01B} = {69D666C1-3CEB-4283-8D60-C253CBF58442}
		{E06C82BA-3416-4815-B6CB-EAEE4E078E03} = {69D666C1-3CEB-4283-8D60-C253CBF58442}
		{65F8B027-0D12-4083-815B-C76BCFA59834} = {A8BC6A1F-DEEB-4D26-87F5-49D09401F01B}
		{3CFD4F14-4267-4631-A1E5-C639C9B637BB} = {E06C82BA-3416-4815-B6CB-EAEE4E078E03}
		{8913CB09-CC80-4816-8255-7DD772F6E59B} = {728E1F48-A127-49C2-AB12-1DA8B045C10C}
		{ACE071D1-443F-4709-8B08-AE391D2F151E} = {8913CB09-CC80-4816-8255-7DD772F6E59B}
	EndGlobalSection
	GlobalSection(ExtensibilityGlobals) = postSolution
		SolutionGuid = {11A77A0E-9478-4ACA-94B4-6DD598F7D4C6}
	EndGlobalSection
EndGlobal
